
Microsoft Visual Studio Solution File, Format Version 12.00
# Visual Studio Version 17
VisualStudioVersion = 17.3.32922.545
MinimumVisualStudioVersion = 10.0.40219.1
Project("{FAE04EC0-301F-11D3-BF4B-00C04F79EFBC}") = "Comparers", "Comparers\Comparers.csproj", "{416B6FF7-448A-4146-971C-45D9E2A74CCE}"
EndProject
Project("{FAE04EC0-301F-11D3-BF4B-00C04F79EFBC}") = "ClassLibrary1", "ClassLibrary1\ClassLibrary1.csproj", "{5CF83697-6401-4DC4-B67A-698A03751292}"
EndProject
Global
	GlobalSection(SolutionConfigurationPlatforms) = preSolution
		Debug|Any CPU = Debug|Any CPU
		Release|Any CPU = Release|Any CPU
	EndGlobalSection
	GlobalSection(ProjectConfigurationPlatforms) = postSolution
		{416B6FF7-448A-4146-971C-45D9E2A74CCE}.Debug|Any CPU.ActiveCfg = Debug|Any CPU
		{416B6FF7-448A-4146-971C-45D9E2A74CCE}.Debug|Any CPU.Build.0 = Debug|Any CPU
		{416B6FF7-448A-4146-971C-45D9E2A74CCE}.Release|Any CPU.ActiveCfg = Release|Any CPU
		{416B6FF7-448A-4146-971C-45D9E2A74CCE}.Release|Any CPU.Build.0 = Release|Any CPU
		{5CF83697-6401-4DC4-B67A-698A03751292}.Debug|Any CPU.ActiveCfg = Debug|Any CPU
		{5CF83697-6401-4DC4-B67A-698A03751292}.Debug|Any CPU.Build.0 = Debug|Any CPU
		{5CF83697-6401-4DC4-B67A-698A03751292}.Release|Any CPU.ActiveCfg = Release|Any CPU
		{5CF83697-6401-4DC4-B67A-698A03751292}.Release|Any CPU.Build.0 = Release|Any CPU
	EndGlobalSection
	GlobalSection(SolutionProperties) = preSolution
		HideSolutionNode = FALSE
	EndGlobalSection
	GlobalSection(ExtensibilityGlobals) = postSolution
		SolutionGuid = {0E2956D2-5145-4EAD-8E61-003EFD9231BD}
	EndGlobalSection
EndGlobal
